// !$*UTF8*$!
{
	archiveVersion = 1;
	classes = {
	};
	objectVersion = 51;
	objects = {

/* Begin PBXBuildFile section */
		3115DB6C22FA6E2700538FAE /* AppDelegate.swift in Sources */ = {isa = PBXBuildFile; fileRef = 3115DB6B22FA6E2700538FAE /* AppDelegate.swift */; };
		3115DB6E22FA6E2700538FAE /* ViewController.swift in Sources */ = {isa = PBXBuildFile; fileRef = 3115DB6D22FA6E2700538FAE /* ViewController.swift */; };
		3115DB7122FA6E2700538FAE /* Main.storyboard in Resources */ = {isa = PBXBuildFile; fileRef = 3115DB6F22FA6E2700538FAE /* Main.storyboard */; };
		3115DB7322FA6E2700538FAE /* Assets.xcassets in Resources */ = {isa = PBXBuildFile; fileRef = 3115DB7222FA6E2700538FAE /* Assets.xcassets */; };
		3115DB7622FA6E2700538FAE /* LaunchScreen.storyboard in Resources */ = {isa = PBXBuildFile; fileRef = 3115DB7422FA6E2700538FAE /* LaunchScreen.storyboard */; };
		3115DB7E22FA717900538FAE /* GoogleService-Info.plist in Resources */ = {isa = PBXBuildFile; fileRef = 3115DB7D22FA717900538FAE /* GoogleService-Info.plist */; };
		318C1F1722FBC88C0051FA3A /* ProfileViewController.swift in Sources */ = {isa = PBXBuildFile; fileRef = 318C1F1622FBC88C0051FA3A /* ProfileViewController.swift */; };
		FFCCFDF2BFC3C68D35721C2C /* Pods_GoogleSighInProject.framework in Frameworks */ = {isa = PBXBuildFile; fileRef = BB5A5A2683AE7F6FDF44728F /* Pods_GoogleSighInProject.framework */; };
/* End PBXBuildFile section */

/* Begin PBXFileReference section */
		3115DB6822FA6E2700538FAE /* GoogleSighInProject.app */ = {isa = PBXFileReference; explicitFileType = wrapper.application; includeInIndex = 0; path = GoogleSighInProject.app; sourceTree = BUILT_PRODUCTS_DIR; };
		3115DB6B22FA6E2700538FAE /* AppDelegate.swift */ = {isa = PBXFileReference; lastKnownFileType = sourcecode.swift; path = AppDelegate.swift; sourceTree = "<group>"; };
		3115DB6D22FA6E2700538FAE /* ViewController.swift */ = {isa = PBXFileReference; lastKnownFileType = sourcecode.swift; path = ViewController.swift; sourceTree = "<group>"; };
		3115DB7022FA6E2700538FAE /* Base */ = {isa = PBXFileReference; lastKnownFileType = file.storyboard; name = Base; path = Base.lproj/Main.storyboard; sourceTree = "<group>"; };
		3115DB7222FA6E2700538FAE /* Assets.xcassets */ = {isa = PBXFileReference; lastKnownFileType = folder.assetcatalog; path = Assets.xcassets; sourceTree = "<group>"; };
		3115DB7522FA6E2700538FAE /* Base */ = {isa = PBXFileReference; lastKnownFileType = file.storyboard; name = Base; path = Base.lproj/LaunchScreen.storyboard; sourceTree = "<group>"; };
		3115DB7722FA6E2700538FAE /* Info.plist */ = {isa = PBXFileReference; lastKnownFileType = text.plist.xml; path = Info.plist; sourceTree = "<group>"; };
		3115DB7D22FA717900538FAE /* GoogleService-Info.plist */ = {isa = PBXFileReference; fileEncoding = 4; lastKnownFileType = text.plist.xml; path = "GoogleService-Info.plist"; sourceTree = "<group>"; };
		318C1F1622FBC88C0051FA3A /* ProfileViewController.swift */ = {isa = PBXFileReference; lastKnownFileType = sourcecode.swift; path = ProfileViewController.swift; sourceTree = "<group>"; };
		788199E300438101490B42D0 /* Pods-GoogleSighInProject.debug.xcconfig */ = {isa = PBXFileReference; includeInIndex = 1; lastKnownFileType = text.xcconfig; name = "Pods-GoogleSighInProject.debug.xcconfig"; path = "Target Support Files/Pods-GoogleSighInProject/Pods-GoogleSighInProject.debug.xcconfig"; sourceTree = "<group>"; };
		87C5A816BDF31918508945F6 /* Pods-GoogleSighInProject.release.xcconfig */ = {isa = PBXFileReference; includeInIndex = 1; lastKnownFileType = text.xcconfig; name = "Pods-GoogleSighInProject.release.xcconfig"; path = "Target Support Files/Pods-GoogleSighInProject/Pods-GoogleSighInProject.release.xcconfig"; sourceTree = "<group>"; };
		BB5A5A2683AE7F6FDF44728F /* Pods_GoogleSighInProject.framework */ = {isa = PBXFileReference; explicitFileType = wrapper.framework; includeInIndex = 0; path = Pods_GoogleSighInProject.framework; sourceTree = BUILT_PRODUCTS_DIR; };
/* End PBXFileReference section */

/* Begin PBXFrameworksBuildPhase section */
		3115DB6522FA6E2700538FAE /* Frameworks */ = {
			isa = PBXFrameworksBuildPhase;
			buildActionMask = 2147483647;
			files = (
				FFCCFDF2BFC3C68D35721C2C /* Pods_GoogleSighInProject.framework in Frameworks */,
			);
			runOnlyForDeploymentPostprocessing = 0;
		};
/* End PBXFrameworksBuildPhase section */

/* Begin PBXGroup section */
		3115DB5F22FA6E2700538FAE = {
			isa = PBXGroup;
			children = (
				318C1F1622FBC88C0051FA3A /* ProfileViewController.swift */,
				3115DB6A22FA6E2700538FAE /* GoogleSighInProject */,
				3115DB6922FA6E2700538FAE /* Products */,
				ADC4A79FD302BA5653C607BA /* Pods */,
				7E891E6D8627377E80BF2E8E /* Frameworks */,
			);
			sourceTree = "<group>";
		};
		3115DB6922FA6E2700538FAE /* Products */ = {
			isa = PBXGroup;
			children = (
				3115DB6822FA6E2700538FAE /* GoogleSighInProject.app */,
			);
			name = Products;
			sourceTree = "<group>";
		};
		3115DB6A22FA6E2700538FAE /* GoogleSighInProject */ = {
			isa = PBXGroup;
			children = (
				3115DB6B22FA6E2700538FAE /* AppDelegate.swift */,
				3115DB6D22FA6E2700538FAE /* ViewController.swift */,
				3115DB6F22FA6E2700538FAE /* Main.storyboard */,
				3115DB7222FA6E2700538FAE /* Assets.xcassets */,
				3115DB7422FA6E2700538FAE /* LaunchScreen.storyboard */,
				3115DB7722FA6E2700538FAE /* Info.plist */,
				3115DB7D22FA717900538FAE /* GoogleService-Info.plist */,
			);
			path = GoogleSighInProject;
			sourceTree = "<group>";
		};
		7E891E6D8627377E80BF2E8E /* Frameworks */ = {
			isa = PBXGroup;
			children = (
				BB5A5A2683AE7F6FDF44728F /* Pods_GoogleSighInProject.framework */,
			);
			name = Frameworks;
			sourceTree = "<group>";
		};
		ADC4A79FD302BA5653C607BA /* Pods */ = {
			isa = PBXGroup;
			children = (
				788199E300438101490B42D0 /* Pods-GoogleSighInProject.debug.xcconfig */,
				87C5A816BDF31918508945F6 /* Pods-GoogleSighInProject.release.xcconfig */,
			);
			path = Pods;
			sourceTree = "<group>";
		};
/* End PBXGroup section */

/* Begin PBXNativeTarget section */
		3115DB6722FA6E2700538FAE /* GoogleSighInProject */ = {
			isa = PBXNativeTarget;
			buildConfigurationList = 3115DB7A22FA6E2700538FAE /* Build configuration list for PBXNativeTarget "GoogleSighInProject" */;
			buildPhases = (
				094BB6AFFFCDB7D8097374A2 /* [CP] Check Pods Manifest.lock */,
				3115DB6422FA6E2700538FAE /* Sources */,
				3115DB6522FA6E2700538FAE /* Frameworks */,
				3115DB6622FA6E2700538FAE /* Resources */,
				33436B75A531AE8A034B1E17 /* [CP] Embed Pods Frameworks */,
				AC893386EB75827E92D33D45 /* [CP] Copy Pods Resources */,
			);
			buildRules = (
			);
			dependencies = (
			);
			name = GoogleSighInProject;
			productName = GoogleSighInProject;
			productReference = 3115DB6822FA6E2700538FAE /* GoogleSighInProject.app */;
			productType = "com.apple.product-type.application";
		};
/* End PBXNativeTarget section */

/* Begin PBXProject section */
		3115DB6022FA6E2700538FAE /* Project object */ = {
			isa = PBXProject;
			attributes = {
				LastSwiftUpdateCheck = 1020;
				LastUpgradeCheck = 1020;
				ORGANIZATIONNAME = "香川紗穂";
				TargetAttributes = {
					3115DB6722FA6E2700538FAE = {
						CreatedOnToolsVersion = 10.2.1;
					};
				};
			};
			buildConfigurationList = 3115DB6322FA6E2700538FAE /* Build configuration list for PBXProject "GoogleSighInProject" */;
			compatibilityVersion = "Xcode 9.3";
			developmentRegion = en;
			hasScannedForEncodings = 0;
			knownRegions = (
				en,
				Base,
			);
			mainGroup = 3115DB5F22FA6E2700538FAE;
			productRefGroup = 3115DB6922FA6E2700538FAE /* Products */;
			projectDirPath = "";
			projectRoot = "";
			targets = (
				3115DB6722FA6E2700538FAE /* GoogleSighInProject */,
			);
		};
/* End PBXProject section */

/* Begin PBXResourcesBuildPhase section */
		3115DB6622FA6E2700538FAE /* Resources */ = {
			isa = PBXResourcesBuildPhase;
			buildActionMask = 2147483647;
			files = (
				3115DB7622FA6E2700538FAE /* LaunchScreen.storyboard in Resources */,
				3115DB7322FA6E2700538FAE /* Assets.xcassets in Resources */,
				3115DB7122FA6E2700538FAE /* Main.storyboard in Resources */,
				3115DB7E22FA717900538FAE /* GoogleService-Info.plist in Resources */,
			);
			runOnlyForDeploymentPostprocessing = 0;
		};
/* End PBXResourcesBuildPhase section */

/* Begin PBXShellScriptBuildPhase section */
		094BB6AFFFCDB7D8097374A2 /* [CP] Check Pods Manifest.lock */ = {
			isa = PBXShellScriptBuildPhase;
			buildActionMask = 2147483647;
			files = (
			);
			inputFileListPaths = (
			);
			inputPaths = (
				"${PODS_PODFILE_DIR_PATH}/Podfile.lock",
				"${PODS_ROOT}/Manifest.lock",
			);
			name = "[CP] Check Pods Manifest.lock";
			outputFileListPaths = (
			);
			outputPaths = (
				"$(DERIVED_FILE_DIR)/Pods-GoogleSighInProject-checkManifestLockResult.txt",
			);
			runOnlyForDeploymentPostprocessing = 0;
			shellPath = /bin/sh;
			shellScript = "diff \"${PODS_PODFILE_DIR_PATH}/Podfile.lock\" \"${PODS_ROOT}/Manifest.lock\" > /dev/null\nif [ $? != 0 ] ; then\n    # print error to STDERR\n    echo \"error: The sandbox is not in sync with the Podfile.lock. Run 'pod install' or update your CocoaPods installation.\" >&2\n    exit 1\nfi\n# This output is used by Xcode 'outputs' to avoid re-running this script phase.\necho \"SUCCESS\" > \"${SCRIPT_OUTPUT_FILE_0}\"\n";
			showEnvVarsInLog = 0;
		};
		33436B75A531AE8A034B1E17 /* [CP] Embed Pods Frameworks */ = {
			isa = PBXShellScriptBuildPhase;
			buildActionMask = 2147483647;
			files = (
			);
			inputFileListPaths = (
				"${PODS_ROOT}/Target Support Files/Pods-GoogleSighInProject/Pods-GoogleSighInProject-frameworks-${CONFIGURATION}-input-files.xcfilelist",
			);
			name = "[CP] Embed Pods Frameworks";
			outputFileListPaths = (
				"${PODS_ROOT}/Target Support Files/Pods-GoogleSighInProject/Pods-GoogleSighInProject-frameworks-${CONFIGURATION}-output-files.xcfilelist",
			);
			runOnlyForDeploymentPostprocessing = 0;
			shellPath = /bin/sh;
			shellScript = "\"${PODS_ROOT}/Target Support Files/Pods-GoogleSighInProject/Pods-GoogleSighInProject-frameworks.sh\"\n";
			showEnvVarsInLog = 0;
		};
		AC893386EB75827E92D33D45 /* [CP] Copy Pods Resources */ = {
			isa = PBXShellScriptBuildPhase;
			buildActionMask = 2147483647;
			files = (
			);
			inputFileListPaths = (
				"${PODS_ROOT}/Target Support Files/Pods-GoogleSighInProject/Pods-GoogleSighInProject-resources-${CONFIGURATION}-input-files.xcfilelist",
			);
			name = "[CP] Copy Pods Resources";
			outputFileListPaths = (
				"${PODS_ROOT}/Target Support Files/Pods-GoogleSighInProject/Pods-GoogleSighInProject-resources-${CONFIGURATION}-output-files.xcfilelist",
			);
			runOnlyForDeploymentPostprocessing = 0;
			shellPath = /bin/sh;
			shellScript = "\"${PODS_ROOT}/Target Support Files/Pods-GoogleSighInProject/Pods-GoogleSighInProject-resources.sh\"\n";
			showEnvVarsInLog = 0;
		};
/* End PBXShellScriptBuildPhase section */

/* Begin PBXSourcesBuildPhase section */
		3115DB6422FA6E2700538FAE /* Sources */ = {
			isa = PBXSourcesBuildPhase;
			buildActionMask = 2147483647;
			files = (
				318C1F1722FBC88C0051FA3A /* ProfileViewController.swift in Sources */,
				3115DB6E22FA6E2700538FAE /* ViewController.swift in Sources */,
				3115DB6C22FA6E2700538FAE /* AppDelegate.swift in Sources */,
			);
			runOnlyForDeploymentPostprocessing = 0;
		};
/* End PBXSourcesBuildPhase section */

/* Begin PBXVariantGroup section */
		3115DB6F22FA6E2700538FAE /* Main.storyboard */ = {
			isa = PBXVariantGroup;
			children = (
				3115DB7022FA6E2700538FAE /* Base */,
			);
			name = Main.storyboard;
			sourceTree = "<group>";
		};
		3115DB7422FA6E2700538FAE /* LaunchScreen.storyboard */ = {
			isa = PBXVariantGroup;
			children = (
				3115DB7522FA6E2700538FAE /* Base */,
			);
			name = LaunchScreen.storyboard;
			sourceTree = "<group>";
		};
/* End PBXVariantGroup section */

/* Begin XCBuildConfiguration section */
		3115DB7822FA6E2700538FAE /* Debug */ = {
			isa = XCBuildConfiguration;
			buildSettings = {
				ALWAYS_SEARCH_USER_PATHS = NO;
				CLANG_ANALYZER_NONNULL = YES;
				CLANG_ANALYZER_NUMBER_OBJECT_CONVERSION = YES_AGGRESSIVE;
				CLANG_CXX_LANGUAGE_STANDARD = "gnu++14";
				CLANG_CXX_LIBRARY = "libc++";
				CLANG_ENABLE_MODULES = YES;
				CLANG_ENABLE_OBJC_ARC = YES;
				CLANG_ENABLE_OBJC_WEAK = YES;
				CLANG_WARN_BLOCK_CAPTURE_AUTORELEASING = YES;
				CLANG_WARN_BOOL_CONVERSION = YES;
				CLANG_WARN_COMMA = YES;
				CLANG_WARN_CONSTANT_CONVERSION = YES;
				CLANG_WARN_DEPRECATED_OBJC_IMPLEMENTATIONS = YES;
				CLANG_WARN_DIRECT_OBJC_ISA_USAGE = YES_ERROR;
				CLANG_WARN_DOCUMENTATION_COMMENTS = YES;
				CLANG_WARN_EMPTY_BODY = YES;
				CLANG_WARN_ENUM_CONVERSION = YES;
				CLANG_WARN_INFINITE_RECURSION = YES;
				CLANG_WARN_INT_CONVERSION = YES;
				CLANG_WARN_NON_LITERAL_NULL_CONVERSION = YES;
				CLANG_WARN_OBJC_IMPLICIT_RETAIN_SELF = YES;
				CLANG_WARN_OBJC_LITERAL_CONVERSION = YES;
				CLANG_WARN_OBJC_ROOT_CLASS = YES_ERROR;
				CLANG_WARN_RANGE_LOOP_ANALYSIS = YES;
				CLANG_WARN_STRICT_PROTOTYPES = YES;
				CLANG_WARN_SUSPICIOUS_MOVE = YES;
				CLANG_WARN_UNGUARDED_AVAILABILITY = YES_AGGRESSIVE;
				CLANG_WARN_UNREACHABLE_CODE = YES;
				CLANG_WARN__DUPLICATE_METHOD_MATCH = YES;
				CODE_SIGN_IDENTITY = "iPhone Developer";
				COPY_PHASE_STRIP = NO;
				DEBUG_INFORMATION_FORMAT = dwarf;
				ENABLE_STRICT_OBJC_MSGSEND = YES;
				ENABLE_TESTABILITY = YES;
				GCC_C_LANGUAGE_STANDARD = gnu11;
				GCC_DYNAMIC_NO_PIC = NO;
				GCC_NO_COMMON_BLOCKS = YES;
				GCC_OPTIMIZATION_LEVEL = 0;
				GCC_PREPROCESSOR_DEFINITIONS = (
					"DEBUG=1",
					"$(inherited)",
				);
				GCC_WARN_64_TO_32_BIT_CONVERSION = YES;
				GCC_WARN_ABOUT_RETURN_TYPE = YES_ERROR;
				GCC_WARN_UNDECLARED_SELECTOR = YES;
				GCC_WARN_UNINITIALIZED_AUTOS = YES_AGGRESSIVE;
				GCC_WARN_UNUSED_FUNCTION = YES;
				GCC_WARN_UNUSED_VARIABLE = YES;
				IPHONEOS_DEPLOYMENT_TARGET = 12.2;
				MTL_ENABLE_DEBUG_INFO = INCLUDE_SOURCE;
				MTL_FAST_MATH = YES;
				ONLY_ACTIVE_ARCH = YES;
				SDKROOT = iphoneos;
				SWIFT_ACTIVE_COMPILATION_CONDITIONS = DEBUG;
				SWIFT_OPTIMIZATION_LEVEL = "-Onone";
			};
			name = Debug;
		};
		3115DB7922FA6E2700538FAE /* Release */ = {
			isa = XCBuildConfiguration;
			buildSettings = {
				ALWAYS_SEARCH_USER_PATHS = NO;
				CLANG_ANALYZER_NONNULL = YES;
				CLANG_ANALYZER_NUMBER_OBJECT_CONVERSION = YES_AGGRESSIVE;
				CLANG_CXX_LANGUAGE_STANDARD = "gnu++14";
				CLANG_CXX_LIBRARY = "libc++";
				CLANG_ENABLE_MODULES = YES;
				CLANG_ENABLE_OBJC_ARC = YES;
				CLANG_ENABLE_OBJC_WEAK = YES;
				CLANG_WARN_BLOCK_CAPTURE_AUTORELEASING = YES;
				CLANG_WARN_BOOL_CONVERSION = YES;
				CLANG_WARN_COMMA = YES;
				CLANG_WARN_CONSTANT_CONVERSION = YES;
				CLANG_WARN_DEPRECATED_OBJC_IMPLEMENTATIONS = YES;
				CLANG_WARN_DIRECT_OBJC_ISA_USAGE = YES_ERROR;
				CLANG_WARN_DOCUMENTATION_COMMENTS = YES;
				CLANG_WARN_EMPTY_BODY = YES;
				CLANG_WARN_ENUM_CONVERSION = YES;
				CLANG_WARN_INFINITE_RECURSION = YES;
				CLANG_WARN_INT_CONVERSION = YES;
				CLANG_WARN_NON_LITERAL_NULL_CONVERSION = YES;
				CLANG_WARN_OBJC_IMPLICIT_RETAIN_SELF = YES;
				CLANG_WARN_OBJC_LITERAL_CONVERSION = YES;
				CLANG_WARN_OBJC_ROOT_CLASS = YES_ERROR;
				CLANG_WARN_RANGE_LOOP_ANALYSIS = YES;
				CLANG_WARN_STRICT_PROTOTYPES = YES;
				CLANG_WARN_SUSPICIOUS_MOVE = YES;
				CLANG_WARN_UNGUARDED_AVAILABILITY = YES_AGGRESSIVE;
				CLANG_WARN_UNREACHABLE_CODE = YES;
				CLANG_WARN__DUPLICATE_METHOD_MATCH = YES;
				CODE_SIGN_IDENTITY = "iPhone Developer";
				COPY_PHASE_STRIP = NO;
				DEBUG_INFORMATION_FORMAT = "dwarf-with-dsym";
				ENABLE_NS_ASSERTIONS = NO;
				ENABLE_STRICT_OBJC_MSGSEND = YES;
				GCC_C_LANGUAGE_STANDARD = gnu11;
				GCC_NO_COMMON_BLOCKS = YES;
				GCC_WARN_64_TO_32_BIT_CONVERSION = YES;
				GCC_WARN_ABOUT_RETURN_TYPE = YES_ERROR;
				GCC_WARN_UNDECLARED_SELECTOR = YES;
				GCC_WARN_UNINITIALIZED_AUTOS = YES_AGGRESSIVE;
				GCC_WARN_UNUSED_FUNCTION = YES;
				GCC_WARN_UNUSED_VARIABLE = YES;
				IPHONEOS_DEPLOYMENT_TARGET = 12.2;
				MTL_ENABLE_DEBUG_INFO = NO;
				MTL_FAST_MATH = YES;
				SDKROOT = iphoneos;
				SWIFT_COMPILATION_MODE = wholemodule;
				SWIFT_OPTIMIZATION_LEVEL = "-O";
				VALIDATE_PRODUCT = YES;
			};
			name = Release;
		};
		3115DB7B22FA6E2700538FAE /* Debug */ = {
			isa = XCBuildConfiguration;
			baseConfigurationReference = 788199E300438101490B42D0 /* Pods-GoogleSighInProject.debug.xcconfig */;
			buildSettings = {
				ASSETCATALOG_COMPILER_APPICON_NAME = AppIcon;
				CODE_SIGN_STYLE = Automatic;
				DEVELOPMENT_TEAM = 5SH64L9LF8;
				INFOPLIST_FILE = GoogleSighInProject/Info.plist;
				LD_RUNPATH_SEARCH_PATHS = (
					"$(inherited)",
					"@executable_path/Frameworks",
				);
				PRODUCT_BUNDLE_IDENTIFIER = com.example.GoogleSighInProject;
				PRODUCT_NAME = "$(TARGET_NAME)";
				SWIFT_VERSION = 5.0;
				TARGETED_DEVICE_FAMILY = "1,2";
			};
			name = Debug;
		};
		3115DB7C22FA6E2700538FAE /* Release */ = {
			isa = XCBuildConfiguration;
			baseConfigurationReference = 87C5A816BDF31918508945F6 /* Pods-GoogleSighInProject.release.xcconfig */;
			buildSettings = {
				ASSETCATALOG_COMPILER_APPICON_NAME = AppIcon;
				CODE_SIGN_STYLE = Automatic;
				DEVELOPMENT_TEAM = 5SH64L9LF8;
				INFOPLIST_FILE = GoogleSighInProject/Info.plist;
				LD_RUNPATH_SEARCH_PATHS = (
					"$(inherited)",
					"@executable_path/Frameworks",
				);
				PRODUCT_BUNDLE_IDENTIFIER = com.example.GoogleSighInProject;
				PRODUCT_NAME = "$(TARGET_NAME)";
				SWIFT_VERSION = 5.0;
				TARGETED_DEVICE_FAMILY = "1,2";
			};
			name = Release;
		};
/* End XCBuildConfiguration section */

/* Begin XCConfigurationList section */
		3115DB6322FA6E2700538FAE /* Build configuration list for PBXProject "GoogleSighInProject" */ = {
			isa = XCConfigurationList;
			buildConfigurations = (
				3115DB7822FA6E2700538FAE /* Debug */,
				3115DB7922FA6E2700538FAE /* Release */,
			);
			defaultConfigurationIsVisible = 0;
			defaultConfigurationName = Release;
		};
		3115DB7A22FA6E2700538FAE /* Build configuration list for PBXNativeTarget "GoogleSighInProject" */ = {
			isa = XCConfigurationList;
			buildConfigurations = (
				3115DB7B22FA6E2700538FAE /* Debug */,
				3115DB7C22FA6E2700538FAE /* Release */,
			);
			defaultConfigurationIsVisible = 0;
			defaultConfigurationName = Release;
		};
/* End XCConfigurationList section */
	};
	rootObject = 3115DB6022FA6E2700538FAE /* Project object */;
}
